
Microsoft Visual Studio Solution File, Format Version 12.00
# Visual Studio 14
VisualStudioVersion = 14.0.25420.1
MinimumVisualStudioVersion = 10.0.40219.1
Project("{D954291E-2A0B-460D-934E-DC6B0785DB48}") = "Xmas-Hell-Core", "Xmas-Hell-Core\Xmas-Hell-Core.shproj", "{9C2E5315-1DDD-45E0-8601-196B4559004D}"
EndProject
Project("{FAE04EC0-301F-11D3-BF4B-00C04F79EFBC}") = "Xmas-Hell-Android", "Xmas-Hell-Android\Xmas-Hell-Android.csproj", "{C45BF177-B794-4A69-BA8C-1131429E1912}"
EndProject
Project("{FAE04EC0-301F-11D3-BF4B-00C04F79EFBC}") = "Xmas-Hell-Desktop", "Xmas-Hell-Desktop\Xmas-Hell-Desktop.csproj", "{3458A5D0-ED04-46FE-847C-9547CECCE4D8}"
EndProject
Project("{FAE04EC0-301F-11D3-BF4B-00C04F79EFBC}") = "Xmas-Hell-iOS", "Xmas-Hell-iOS\Xmas-Hell-iOS.csproj", "{93E2633D-5FE0-427B-ABE4-379D9CE13897}"
EndProject
Global
	GlobalSection(SharedMSBuildProjectFiles) = preSolution
		Xmas-Hell-Core\Xmas-Hell-Core.projitems*{3458a5d0-ed04-46fe-847c-9547cecce4d8}*SharedItemsImports = 4
		Xmas-Hell-Core\Xmas-Hell-Core.projitems*{93e2633d-5fe0-427b-abe4-379d9ce13897}*SharedItemsImports = 4
		Xmas-Hell-Core\Xmas-Hell-Core.projitems*{9c2e5315-1ddd-45e0-8601-196b4559004d}*SharedItemsImports = 13
		Xmas-Hell-Core\Xmas-Hell-Core.projitems*{c45bf177-b794-4a69-ba8c-1131429e1912}*SharedItemsImports = 4
	EndGlobalSection
	GlobalSection(SolutionConfigurationPlatforms) = preSolution
		Ad-Hoc|Any CPU = Ad-Hoc|Any CPU
		Ad-Hoc|iPhone = Ad-Hoc|iPhone
		Ad-Hoc|iPhoneSimulator = Ad-Hoc|iPhoneSimulator
		Ad-Hoc|x86 = Ad-Hoc|x86
		AppStore|Any CPU = AppStore|Any CPU
		AppStore|iPhone = AppStore|iPhone
		AppStore|iPhoneSimulator = AppStore|iPhoneSimulator
		AppStore|x86 = AppStore|x86
		Debug|Any CPU = Debug|Any CPU
		Debug|iPhone = Debug|iPhone
		Debug|iPhoneSimulator = Debug|iPhoneSimulator
		Debug|x86 = Debug|x86
		Release|Any CPU = Release|Any CPU
		Release|iPhone = Release|iPhone
		Release|iPhoneSimulator = Release|iPhoneSimulator
		Release|x86 = Release|x86
	EndGlobalSection
	GlobalSection(ProjectConfigurationPlatforms) = postSolution
		{C45BF177-B794-4A69-BA8C-1131429E1912}.Ad-Hoc|Any CPU.ActiveCfg = Release|Any CPU
		{C45BF177-B794-4A69-BA8C-1131429E1912}.Ad-Hoc|Any CPU.Build.0 = Release|Any CPU
		{C45BF177-B794-4A69-BA8C-1131429E1912}.Ad-Hoc|Any CPU.Deploy.0 = Release|Any CPU
		{C45BF177-B794-4A69-BA8C-1131429E1912}.Ad-Hoc|iPhone.ActiveCfg = Release|Any CPU
		{C45BF177-B794-4A69-BA8C-1131429E1912}.Ad-Hoc|iPhone.Build.0 = Release|Any CPU
		{C45BF177-B794-4A69-BA8C-1131429E1912}.Ad-Hoc|iPhone.Deploy.0 = Release|Any CPU
		{C45BF177-B794-4A69-BA8C-1131429E1912}.Ad-Hoc|iPhoneSimulator.ActiveCfg = Release|Any CPU
		{C45BF177-B794-4A69-BA8C-1131429E1912}.Ad-Hoc|iPhoneSimulator.Build.0 = Release|Any CPU
		{C45BF177-B794-4A69-BA8C-1131429E1912}.Ad-Hoc|iPhoneSimulator.Deploy.0 = Release|Any CPU
		{C45BF177-B794-4A69-BA8C-1131429E1912}.Ad-Hoc|x86.ActiveCfg = Release|Any CPU
		{C45BF177-B794-4A69-BA8C-1131429E1912}.Ad-Hoc|x86.Build.0 = Release|Any CPU
		{C45BF177-B794-4A69-BA8C-1131429E1912}.Ad-Hoc|x86.Deploy.0 = Release|Any CPU
		{C45BF177-B794-4A69-BA8C-1131429E1912}.AppStore|Any CPU.ActiveCfg = Release|Any CPU
		{C45BF177-B794-4A69-BA8C-1131429E1912}.AppStore|Any CPU.Build.0 = Release|Any CPU
		{C45BF177-B794-4A69-BA8C-1131429E1912}.AppStore|Any CPU.Deploy.0 = Release|Any CPU
		{C45BF177-B794-4A69-BA8C-1131429E1912}.AppStore|iPhone.ActiveCfg = Release|Any CPU
		{C45BF177-B794-4A69-BA8C-1131429E1912}.AppStore|iPhone.Build.0 = Release|Any CPU
		{C45BF177-B794-4A69-BA8C-1131429E1912}.AppStore|iPhone.Deploy.0 = Release|Any CPU
		{C45BF177-B794-4A69-BA8C-1131429E1912}.AppStore|iPhoneSimulator.ActiveCfg = Release|Any CPU
		{C45BF177-B794-4A69-BA8C-1131429E1912}.AppStore|iPhoneSimulator.Build.0 = Release|Any CPU
		{C45BF177-B794-4A69-BA8C-1131429E1912}.AppStore|iPhoneSimulator.Deploy.0 = Release|Any CPU
		{C45BF177-B794-4A69-BA8C-1131429E1912}.AppStore|x86.ActiveCfg = Release|Any CPU
		{C45BF177-B794-4A69-BA8C-1131429E1912}.AppStore|x86.Build.0 = Release|Any CPU
		{C45BF177-B794-4A69-BA8C-1131429E1912}.AppStore|x86.Deploy.0 = Release|Any CPU
		{C45BF177-B794-4A69-BA8C-1131429E1912}.Debug|Any CPU.ActiveCfg = Debug|Any CPU
		{C45BF177-B794-4A69-BA8C-1131429E1912}.Debug|Any CPU.Build.0 = Debug|Any CPU
		{C45BF177-B794-4A69-BA8C-1131429E1912}.Debug|Any CPU.Deploy.0 = Debug|Any CPU
		{C45BF177-B794-4A69-BA8C-1131429E1912}.Debug|iPhone.ActiveCfg = Debug|Any CPU
		{C45BF177-B794-4A69-BA8C-1131429E1912}.Debug|iPhone.Build.0 = Debug|Any CPU
		{C45BF177-B794-4A69-BA8C-1131429E1912}.Debug|iPhone.Deploy.0 = Debug|Any CPU
		{C45BF177-B794-4A69-BA8C-1131429E1912}.Debug|iPhoneSimulator.ActiveCfg = Debug|Any CPU
		{C45BF177-B794-4A69-BA8C-1131429E1912}.Debug|iPhoneSimulator.Build.0 = Debug|Any CPU
		{C45BF177-B794-4A69-BA8C-1131429E1912}.Debug|iPhoneSimulator.Deploy.0 = Debug|Any CPU
		{C45BF177-B794-4A69-BA8C-1131429E1912}.Debug|x86.ActiveCfg = Debug|Any CPU
		{C45BF177-B794-4A69-BA8C-1131429E1912}.Debug|x86.Build.0 = Debug|Any CPU
		{C45BF177-B794-4A69-BA8C-1131429E1912}.Debug|x86.Deploy.0 = Debug|Any CPU
		{C45BF177-B794-4A69-BA8C-1131429E1912}.Release|Any CPU.ActiveCfg = Release|Any CPU
		{C45BF177-B794-4A69-BA8C-1131429E1912}.Release|Any CPU.Build.0 = Release|Any CPU
		{C45BF177-B794-4A69-BA8C-1131429E1912}.Release|Any CPU.Deploy.0 = Release|Any CPU
		{C45BF177-B794-4A69-BA8C-1131429E1912}.Release|iPhone.ActiveCfg = Release|Any CPU
		{C45BF177-B794-4A69-BA8C-1131429E1912}.Release|iPhone.Build.0 = Release|Any CPU
		{C45BF177-B794-4A69-BA8C-1131429E1912}.Release|iPhone.Deploy.0 = Release|Any CPU
		{C45BF177-B794-4A69-BA8C-1131429E1912}.Release|iPhoneSimulator.ActiveCfg = Release|Any CPU
		{C45BF177-B794-4A69-BA8C-1131429E1912}.Release|iPhoneSimulator.Build.0 = Release|Any CPU
		{C45BF177-B794-4A69-BA8C-1131429E1912}.Release|iPhoneSimulator.Deploy.0 = Release|Any CPU
		{C45BF177-B794-4A69-BA8C-1131429E1912}.Release|x86.ActiveCfg = Release|Any CPU
		{C45BF177-B794-4A69-BA8C-1131429E1912}.Release|x86.Build.0 = Release|Any CPU
		{C45BF177-B794-4A69-BA8C-1131429E1912}.Release|x86.Deploy.0 = Release|Any CPU
		{3458A5D0-ED04-46FE-847C-9547CECCE4D8}.Ad-Hoc|Any CPU.ActiveCfg = Release|Any CPU
		{3458A5D0-ED04-46FE-847C-9547CECCE4D8}.Ad-Hoc|Any CPU.Build.0 = Release|Any CPU
		{3458A5D0-ED04-46FE-847C-9547CECCE4D8}.Ad-Hoc|iPhone.ActiveCfg = Release|Any CPU
		{3458A5D0-ED04-46FE-847C-9547CECCE4D8}.Ad-Hoc|iPhone.Build.0 = Release|Any CPU
		{3458A5D0-ED04-46FE-847C-9547CECCE4D8}.Ad-Hoc|iPhoneSimulator.ActiveCfg = Release|Any CPU
		{3458A5D0-ED04-46FE-847C-9547CECCE4D8}.Ad-Hoc|iPhoneSimulator.Build.0 = Release|Any CPU
		{3458A5D0-ED04-46FE-847C-9547CECCE4D8}.Ad-Hoc|x86.ActiveCfg = Release|Any CPU
		{3458A5D0-ED04-46FE-847C-9547CECCE4D8}.Ad-Hoc|x86.Build.0 = Release|Any CPU
		{3458A5D0-ED04-46FE-847C-9547CECCE4D8}.AppStore|Any CPU.ActiveCfg = Release|Any CPU
		{3458A5D0-ED04-46FE-847C-9547CECCE4D8}.AppStore|Any CPU.Build.0 = Release|Any CPU
		{3458A5D0-ED04-46FE-847C-9547CECCE4D8}.AppStore|iPhone.ActiveCfg = Release|Any CPU
		{3458A5D0-ED04-46FE-847C-9547CECCE4D8}.AppStore|iPhone.Build.0 = Release|Any CPU
		{3458A5D0-ED04-46FE-847C-9547CECCE4D8}.AppStore|iPhoneSimulator.ActiveCfg = Release|Any CPU
		{3458A5D0-ED04-46FE-847C-9547CECCE4D8}.AppStore|iPhoneSimulator.Build.0 = Release|Any CPU
		{3458A5D0-ED04-46FE-847C-9547CECCE4D8}.AppStore|x86.ActiveCfg = Release|Any CPU
		{3458A5D0-ED04-46FE-847C-9547CECCE4D8}.AppStore|x86.Build.0 = Release|Any CPU
		{3458A5D0-ED04-46FE-847C-9547CECCE4D8}.Debug|Any CPU.ActiveCfg = Debug|Any CPU
		{3458A5D0-ED04-46FE-847C-9547CECCE4D8}.Debug|Any CPU.Build.0 = Debug|Any CPU
		{3458A5D0-ED04-46FE-847C-9547CECCE4D8}.Debug|iPhone.ActiveCfg = Debug|Any CPU
		{3458A5D0-ED04-46FE-847C-9547CECCE4D8}.Debug|iPhone.Build.0 = Debug|Any CPU
		{3458A5D0-ED04-46FE-847C-9547CECCE4D8}.Debug|iPhoneSimulator.ActiveCfg = Debug|Any CPU
		{3458A5D0-ED04-46FE-847C-9547CECCE4D8}.Debug|iPhoneSimulator.Build.0 = Debug|Any CPU
		{3458A5D0-ED04-46FE-847C-9547CECCE4D8}.Debug|x86.ActiveCfg = Debug|Any CPU
		{3458A5D0-ED04-46FE-847C-9547CECCE4D8}.Debug|x86.Build.0 = Debug|Any CPU
		{3458A5D0-ED04-46FE-847C-9547CECCE4D8}.Release|Any CPU.ActiveCfg = Release|Any CPU
		{3458A5D0-ED04-46FE-847C-9547CECCE4D8}.Release|Any CPU.Build.0 = Release|Any CPU
		{3458A5D0-ED04-46FE-847C-9547CECCE4D8}.Release|iPhone.ActiveCfg = Release|Any CPU
		{3458A5D0-ED04-46FE-847C-9547CECCE4D8}.Release|iPhone.Build.0 = Release|Any CPU
		{3458A5D0-ED04-46FE-847C-9547CECCE4D8}.Release|iPhoneSimulator.ActiveCfg = Release|Any CPU
		{3458A5D0-ED04-46FE-847C-9547CECCE4D8}.Release|iPhoneSimulator.Build.0 = Release|Any CPU
		{3458A5D0-ED04-46FE-847C-9547CECCE4D8}.Release|x86.ActiveCfg = Release|Any CPU
		{3458A5D0-ED04-46FE-847C-9547CECCE4D8}.Release|x86.Build.0 = Release|Any CPU
		{93E2633D-5FE0-427B-ABE4-379D9CE13897}.Ad-Hoc|Any CPU.ActiveCfg = Ad-Hoc|iPhone
		{93E2633D-5FE0-427B-ABE4-379D9CE13897}.Ad-Hoc|iPhone.ActiveCfg = Ad-Hoc|iPhone
		{93E2633D-5FE0-427B-ABE4-379D9CE13897}.Ad-Hoc|iPhone.Build.0 = Ad-Hoc|iPhone
		{93E2633D-5FE0-427B-ABE4-379D9CE13897}.Ad-Hoc|iPhoneSimulator.ActiveCfg = Ad-Hoc|iPhoneSimulator
		{93E2633D-5FE0-427B-ABE4-379D9CE13897}.Ad-Hoc|iPhoneSimulator.Build.0 = Ad-Hoc|iPhoneSimulator
		{93E2633D-5FE0-427B-ABE4-379D9CE13897}.Ad-Hoc|x86.ActiveCfg = Ad-Hoc|iPhone
		{93E2633D-5FE0-427B-ABE4-379D9CE13897}.AppStore|Any CPU.ActiveCfg = AppStore|iPhone
		{93E2633D-5FE0-427B-ABE4-379D9CE13897}.AppStore|iPhone.ActiveCfg = AppStore|iPhone
		{93E2633D-5FE0-427B-ABE4-379D9CE13897}.AppStore|iPhone.Build.0 = AppStore|iPhone
		{93E2633D-5FE0-427B-ABE4-379D9CE13897}.AppStore|iPhoneSimulator.ActiveCfg = AppStore|iPhoneSimulator
		{93E2633D-5FE0-427B-ABE4-379D9CE13897}.AppStore|iPhoneSimulator.Build.0 = AppStore|iPhoneSimulator
		{93E2633D-5FE0-427B-ABE4-379D9CE13897}.AppStore|x86.ActiveCfg = AppStore|iPhone
		{93E2633D-5FE0-427B-ABE4-379D9CE13897}.Debug|Any CPU.ActiveCfg = Debug|iPhone
		{93E2633D-5FE0-427B-ABE4-379D9CE13897}.Debug|iPhone.ActiveCfg = Debug|iPhone
		{93E2633D-5FE0-427B-ABE4-379D9CE13897}.Debug|iPhone.Build.0 = Debug|iPhone
		{93E2633D-5FE0-427B-ABE4-379D9CE13897}.Debug|iPhoneSimulator.ActiveCfg = Debug|iPhoneSimulator
		{93E2633D-5FE0-427B-ABE4-379D9CE13897}.Debug|iPhoneSimulator.Build.0 = Debug|iPhoneSimulator
		{93E2633D-5FE0-427B-ABE4-379D9CE13897}.Debug|x86.ActiveCfg = Debug|iPhone
		{93E2633D-5FE0-427B-ABE4-379D9CE13897}.Release|Any CPU.ActiveCfg = Release|iPhone
		{93E2633D-5FE0-427B-ABE4-379D9CE13897}.Release|iPhone.ActiveCfg = Release|iPhone
		{93E2633D-5FE0-427B-ABE4-379D9CE13897}.Release|iPhone.Build.0 = Release|iPhone
		{93E2633D-5FE0-427B-ABE4-379D9CE13897}.Release|iPhoneSimulator.ActiveCfg = Release|iPhoneSimulator
		{93E2633D-5FE0-427B-ABE4-379D9CE13897}.Release|iPhoneSimulator.Build.0 = Release|iPhoneSimulator
		{93E2633D-5FE0-427B-ABE4-379D9CE13897}.Release|x86.ActiveCfg = Release|iPhone
	EndGlobalSection
	GlobalSection(SolutionProperties) = preSolution
		HideSolutionNode = FALSE
	EndGlobalSection
EndGlobal
